
Microsoft Visual Studio Solution File, Format Version 12.00
# Visual Studio Version 17
VisualStudioVersion = 17.12.35527.113
MinimumVisualStudioVersion = 10.0.40219.1
Project("{FAE04EC0-301F-11D3-BF4B-00C04F79EFBC}") = "MazeApi", "src\MazeApi.csproj", "{DD60DCAD-8F3D-4626-8B69-B50E3A3DCE38}"
EndProject
Project("{FAE04EC0-301F-11D3-BF4B-00C04F79EFBC}") = "MazeApiTests", "tests\MazeApiTests.csproj", "{41C8EBCB-1F2D-4453-8BC9-6FA197781B57}"
EndProject
Global
	GlobalSection(SolutionConfigurationPlatforms) = preSolution
		Debug|Any CPU = Debug|Any CPU
		Release|Any CPU = Release|Any CPU
	EndGlobalSection
	GlobalSection(ProjectConfigurationPlatforms) = postSolution
		{DD60DCAD-8F3D-4626-8B69-B50E3A3DCE38}.Debug|Any CPU.ActiveCfg = Debug|Any CPU
		{DD60DCAD-8F3D-4626-8B69-B50E3A3DCE38}.Debug|Any CPU.Build.0 = Debug|Any CPU
		{DD60DCAD-8F3D-4626-8B69-B50E3A3DCE38}.Release|Any CPU.ActiveCfg = Release|Any CPU
		{DD60DCAD-8F3D-4626-8B69-B50E3A3DCE38}.Release|Any CPU.Build.0 = Release|Any CPU
		{41C8EBCB-1F2D-4453-8BC9-6FA197781B57}.Debug|Any CPU.ActiveCfg = Debug|Any CPU
		{41C8EBCB-1F2D-4453-8BC9-6FA197781B57}.Debug|Any CPU.Build.0 = Debug|Any CPU
		{41C8EBCB-1F2D-4453-8BC9-6FA197781B57}.Release|Any CPU.ActiveCfg = Release|Any CPU
		{41C8EBCB-1F2D-4453-8BC9-6FA197781B57}.Release|Any CPU.Build.0 = Release|Any CPU
	EndGlobalSection
	GlobalSection(SolutionProperties) = preSolution
		HideSolutionNode = FALSE
	EndGlobalSection
EndGlobal
